
Microsoft Visual Studio Solution File, Format Version 12.00
# Visual Studio Version 17
VisualStudioVersion = 17.1.32319.34
MinimumVisualStudioVersion = 10.0.40219.1
Project("{FAE04EC0-301F-11D3-BF4B-00C04F79EFBC}") = "EstructuraDeDatos5", "EstructuraDeDatos5\EstructuraDeDatos5.csproj", "{2E3A91A0-AAC1-41CE-B4F8-EF5AC25FC243}"
EndProject
Global
	GlobalSection(SolutionConfigurationPlatforms) = preSolution
		Debug|Any CPU = Debug|Any CPU
		Release|Any CPU = Release|Any CPU
	EndGlobalSection
	GlobalSection(ProjectConfigurationPlatforms) = postSolution
		{2E3A91A0-AAC1-41CE-B4F8-EF5AC25FC243}.Debug|Any CPU.ActiveCfg = Debug|Any CPU
		{2E3A91A0-AAC1-41CE-B4F8-EF5AC25FC243}.Debug|Any CPU.Build.0 = Debug|Any CPU
		{2E3A91A0-AAC1-41CE-B4F8-EF5AC25FC243}.Release|Any CPU.ActiveCfg = Release|Any CPU
		{2E3A91A0-AAC1-41CE-B4F8-EF5AC25FC243}.Release|Any CPU.Build.0 = Release|Any CPU
	EndGlobalSection
	GlobalSection(SolutionProperties) = preSolution
		HideSolutionNode = FALSE
	EndGlobalSection
	GlobalSection(ExtensibilityGlobals) = postSolution
		SolutionGuid = {9480AB8B-3783-4E4E-87F8-593C51FE0D58}
	EndGlobalSection
EndGlobal
